// !$*UTF8*$!
{
	archiveVersion = 1;
	classes = {
	};
	objectVersion = 46;
	objects = {

/* Begin PBXBuildFile section */
		9F9C989C19E16CD700257E49 /* run with me logo-p1.png in Resources */ = {isa = PBXBuildFile; fileRef = 9F9C989B19E16CD700257E49 /* run with me logo-p1.png */; };
		9F9C98A219E173B000257E49 /* ChatViewController.m in Sources */ = {isa = PBXBuildFile; fileRef = 9F9C98A119E173B000257E49 /* ChatViewController.m */; };
		6053178F19E153A1008F04F1 /* OAuthiOS.framework in Frameworks */ = {isa = PBXBuildFile; fileRef = 6053178E19E153A1008F04F1 /* OAuthiOS.framework */; };
		6053179219E15481008F04F1 /* LoginWebViewController.m in Sources */ = {isa = PBXBuildFile; fileRef = 6053179119E15481008F04F1 /* LoginWebViewController.m */; };
		6053179819E154B9008F04F1 /* OAuth1Controller.m in Sources */ = {isa = PBXBuildFile; fileRef = 6053179519E154B9008F04F1 /* OAuth1Controller.m */; };
		6053179919E154B9008F04F1 /* NSString+URLEncoding.m in Sources */ = {isa = PBXBuildFile; fileRef = 6053179719E154B9008F04F1 /* NSString+URLEncoding.m */; };
		605317A119E154D0008F04F1 /* Base64Transcoder.c in Sources */ = {isa = PBXBuildFile; fileRef = 6053179B19E154D0008F04F1 /* Base64Transcoder.c */; };
		605317A219E154D0008F04F1 /* hmac.c in Sources */ = {isa = PBXBuildFile; fileRef = 6053179D19E154D0008F04F1 /* hmac.c */; };
		605317A319E154D0008F04F1 /* sha1.c in Sources */ = {isa = PBXBuildFile; fileRef = 6053179F19E154D0008F04F1 /* sha1.c */; };
		9FC5EC2819E0A6F0007E6039 /* main.m in Sources */ = {isa = PBXBuildFile; fileRef = 9FC5EC2719E0A6F0007E6039 /* main.m */; };
		9FC5EC5619E0A762007E6039 /* AppDelegate.m in Sources */ = {isa = PBXBuildFile; fileRef = 9FC5EC4D19E0A762007E6039 /* AppDelegate.m */; };
		9FC5EC5819E0A762007E6039 /* MyLoginViewController.m in Sources */ = {isa = PBXBuildFile; fileRef = 9FC5EC5119E0A762007E6039 /* MyLoginViewController.m */; };
		9FC5EC5919E0A762007E6039 /* ProfileViewController.m in Sources */ = {isa = PBXBuildFile; fileRef = 9FC5EC5319E0A762007E6039 /* ProfileViewController.m */; };
		9FC5EC5A19E0A762007E6039 /* ResultsViewController.m in Sources */ = {isa = PBXBuildFile; fileRef = 9FC5EC5519E0A762007E6039 /* ResultsViewController.m */; };
		9FC5EC5D19E0A78B007E6039 /* LaunchScreen.xib in Resources */ = {isa = PBXBuildFile; fileRef = 9FC5EC5B19E0A78B007E6039 /* LaunchScreen.xib */; };
		9FC5EC5E19E0A78B007E6039 /* Main.storyboard in Resources */ = {isa = PBXBuildFile; fileRef = 9FC5EC5C19E0A78B007E6039 /* Main.storyboard */; };
		9FC5EC6319E0A7A6007E6039 /* FacebookSDK.framework in Frameworks */ = {isa = PBXBuildFile; fileRef = 9FC5EC6119E0A7A6007E6039 /* FacebookSDK.framework */; };
		9FC5EC6419E0A7A7007E6039 /* Parse.framework in Frameworks */ = {isa = PBXBuildFile; fileRef = 9FC5EC6219E0A7A6007E6039 /* Parse.framework */; };
		9FC5EC6619E0A870007E6039 /* AudioToolbox.framework in Frameworks */ = {isa = PBXBuildFile; fileRef = 9FC5EC6519E0A870007E6039 /* AudioToolbox.framework */; };
		9FC5EC6819E0A875007E6039 /* CFNetwork.framework in Frameworks */ = {isa = PBXBuildFile; fileRef = 9FC5EC6719E0A875007E6039 /* CFNetwork.framework */; };
		9FC5EC6A19E0A87D007E6039 /* CoreGraphics.framework in Frameworks */ = {isa = PBXBuildFile; fileRef = 9FC5EC6919E0A87D007E6039 /* CoreGraphics.framework */; };
		9FC5EC6C19E0A882007E6039 /* CoreLocation.framework in Frameworks */ = {isa = PBXBuildFile; fileRef = 9FC5EC6B19E0A882007E6039 /* CoreLocation.framework */; };
		9FC5EC6E19E0A888007E6039 /* libz.1.1.3.dylib in Frameworks */ = {isa = PBXBuildFile; fileRef = 9FC5EC6D19E0A888007E6039 /* libz.1.1.3.dylib */; };
		9FC5EC7019E0A88D007E6039 /* MobileCoreServices.framework in Frameworks */ = {isa = PBXBuildFile; fileRef = 9FC5EC6F19E0A88D007E6039 /* MobileCoreServices.framework */; };
		9FC5EC7219E0A894007E6039 /* QuartzCore.framework in Frameworks */ = {isa = PBXBuildFile; fileRef = 9FC5EC7119E0A894007E6039 /* QuartzCore.framework */; };
		9FC5EC7419E0A899007E6039 /* Security.framework in Frameworks */ = {isa = PBXBuildFile; fileRef = 9FC5EC7319E0A899007E6039 /* Security.framework */; };
		9FC5EC7619E0A89D007E6039 /* StoreKit.framework in Frameworks */ = {isa = PBXBuildFile; fileRef = 9FC5EC7519E0A89D007E6039 /* StoreKit.framework */; };
		9FC5EC7819E0A8A3007E6039 /* SystemConfiguration.framework in Frameworks */ = {isa = PBXBuildFile; fileRef = 9FC5EC7719E0A8A3007E6039 /* SystemConfiguration.framework */; };
		9FC5EC8019E0EAC2007E6039 /* UITouchTableView.m in Sources */ = {isa = PBXBuildFile; fileRef = 9FC5EC7F19E0EAC2007E6039 /* UITouchTableView.m */; };
		9FC5EC8219E0EDA8007E6039 /* Firebase.framework in Frameworks */ = {isa = PBXBuildFile; fileRef = 9FC5EC8119E0EDA8007E6039 /* Firebase.framework */; };
		9FC5EC8419E0EDF1007E6039 /* libicucore.dylib in Frameworks */ = {isa = PBXBuildFile; fileRef = 9FC5EC8319E0EDF1007E6039 /* libicucore.dylib */; };
		9FC5EC8619E0EDF9007E6039 /* libc++.dylib in Frameworks */ = {isa = PBXBuildFile; fileRef = 9FC5EC8519E0EDF9007E6039 /* libc++.dylib */; };
		9FC5EC8B19E0F8FE007E6039 /* mockup1w.png in Resources */ = {isa = PBXBuildFile; fileRef = 9FC5EC8719E0F8FE007E6039 /* mockup1w.png */; };
		9FC5EC8C19E0F8FE007E6039 /* mockup2.png in Resources */ = {isa = PBXBuildFile; fileRef = 9FC5EC8819E0F8FE007E6039 /* mockup2.png */; };
		9FC5EC8D19E0F8FE007E6039 /* mockup3.png in Resources */ = {isa = PBXBuildFile; fileRef = 9FC5EC8919E0F8FE007E6039 /* mockup3.png */; };
		9FC5EC8E19E0F8FE007E6039 /* run with me logo.png in Resources */ = {isa = PBXBuildFile; fileRef = 9FC5EC8A19E0F8FE007E6039 /* run with me logo.png */; };
		9FE7DCD019E12D82009639B7 /* ResultsCell.m in Sources */ = {isa = PBXBuildFile; fileRef = 9FE7DCCF19E12D82009639B7 /* ResultsCell.m */; };
/* End PBXBuildFile section */

/* Begin PBXFileReference section */
		9F9C989B19E16CD700257E49 /* run with me logo-p1.png */ = {isa = PBXFileReference; lastKnownFileType = image.png; path = "run with me logo-p1.png"; sourceTree = "<group>"; };
		9F9C98A019E173B000257E49 /* ChatViewController.h */ = {isa = PBXFileReference; fileEncoding = 4; lastKnownFileType = sourcecode.c.h; path = ChatViewController.h; sourceTree = "<group>"; };
		9F9C98A119E173B000257E49 /* ChatViewController.m */ = {isa = PBXFileReference; fileEncoding = 4; lastKnownFileType = sourcecode.c.objc; path = ChatViewController.m; sourceTree = "<group>"; };
		6053178E19E153A1008F04F1 /* OAuthiOS.framework */ = {isa = PBXFileReference; lastKnownFileType = wrapper.framework; path = OAuthiOS.framework; sourceTree = "<group>"; };
		6053179019E15481008F04F1 /* LoginWebViewController.h */ = {isa = PBXFileReference; fileEncoding = 4; lastKnownFileType = sourcecode.c.h; path = LoginWebViewController.h; sourceTree = "<group>"; };
		6053179119E15481008F04F1 /* LoginWebViewController.m */ = {isa = PBXFileReference; fileEncoding = 4; lastKnownFileType = sourcecode.c.objc; path = LoginWebViewController.m; sourceTree = "<group>"; };
		6053179419E154B9008F04F1 /* OAuth1Controller.h */ = {isa = PBXFileReference; fileEncoding = 4; lastKnownFileType = sourcecode.c.h; path = OAuth1Controller.h; sourceTree = "<group>"; };
		6053179519E154B9008F04F1 /* OAuth1Controller.m */ = {isa = PBXFileReference; fileEncoding = 4; lastKnownFileType = sourcecode.c.objc; path = OAuth1Controller.m; sourceTree = "<group>"; };
		6053179619E154B9008F04F1 /* NSString+URLEncoding.h */ = {isa = PBXFileReference; fileEncoding = 4; lastKnownFileType = sourcecode.c.h; path = "NSString+URLEncoding.h"; sourceTree = "<group>"; };
		6053179719E154B9008F04F1 /* NSString+URLEncoding.m */ = {isa = PBXFileReference; fileEncoding = 4; lastKnownFileType = sourcecode.c.objc; path = "NSString+URLEncoding.m"; sourceTree = "<group>"; };
		6053179B19E154D0008F04F1 /* Base64Transcoder.c */ = {isa = PBXFileReference; fileEncoding = 4; lastKnownFileType = sourcecode.c.c; path = Base64Transcoder.c; sourceTree = "<group>"; };
		6053179C19E154D0008F04F1 /* Base64Transcoder.h */ = {isa = PBXFileReference; fileEncoding = 4; lastKnownFileType = sourcecode.c.h; path = Base64Transcoder.h; sourceTree = "<group>"; };
		6053179D19E154D0008F04F1 /* hmac.c */ = {isa = PBXFileReference; fileEncoding = 4; lastKnownFileType = sourcecode.c.c; path = hmac.c; sourceTree = "<group>"; };
		6053179E19E154D0008F04F1 /* hmac.h */ = {isa = PBXFileReference; fileEncoding = 4; lastKnownFileType = sourcecode.c.h; path = hmac.h; sourceTree = "<group>"; };
		6053179F19E154D0008F04F1 /* sha1.c */ = {isa = PBXFileReference; fileEncoding = 4; lastKnownFileType = sourcecode.c.c; path = sha1.c; sourceTree = "<group>"; };
		605317A019E154D0008F04F1 /* sha1.h */ = {isa = PBXFileReference; fileEncoding = 4; lastKnownFileType = sourcecode.c.h; path = sha1.h; sourceTree = "<group>"; };
		9FC5EC2219E0A6F0007E6039 /* RunWithMe.app */ = {isa = PBXFileReference; explicitFileType = wrapper.application; includeInIndex = 0; path = RunWithMe.app; sourceTree = BUILT_PRODUCTS_DIR; };
		9FC5EC2719E0A6F0007E6039 /* main.m */ = {isa = PBXFileReference; lastKnownFileType = sourcecode.c.objc; path = main.m; sourceTree = "<group>"; };
		9FC5EC4019E0A6F0007E6039 /* Info.plist */ = {isa = PBXFileReference; lastKnownFileType = text.plist.xml; path = Info.plist; sourceTree = "<group>"; };
		9FC5EC4119E0A6F0007E6039 /* RunWithMeTests.m */ = {isa = PBXFileReference; lastKnownFileType = sourcecode.c.objc; path = RunWithMeTests.m; sourceTree = "<group>"; };
		9FC5EC4C19E0A762007E6039 /* AppDelegate.h */ = {isa = PBXFileReference; fileEncoding = 4; lastKnownFileType = sourcecode.c.h; path = AppDelegate.h; sourceTree = "<group>"; };
		9FC5EC4D19E0A762007E6039 /* AppDelegate.m */ = {isa = PBXFileReference; fileEncoding = 4; lastKnownFileType = sourcecode.c.objc; path = AppDelegate.m; sourceTree = "<group>"; };
		9FC5EC5019E0A762007E6039 /* MyLoginViewController.h */ = {isa = PBXFileReference; fileEncoding = 4; lastKnownFileType = sourcecode.c.h; path = MyLoginViewController.h; sourceTree = "<group>"; };
		9FC5EC5119E0A762007E6039 /* MyLoginViewController.m */ = {isa = PBXFileReference; fileEncoding = 4; lastKnownFileType = sourcecode.c.objc; path = MyLoginViewController.m; sourceTree = "<group>"; };
		9FC5EC5219E0A762007E6039 /* ProfileViewController.h */ = {isa = PBXFileReference; fileEncoding = 4; lastKnownFileType = sourcecode.c.h; path = ProfileViewController.h; sourceTree = "<group>"; };
		9FC5EC5319E0A762007E6039 /* ProfileViewController.m */ = {isa = PBXFileReference; fileEncoding = 4; lastKnownFileType = sourcecode.c.objc; path = ProfileViewController.m; sourceTree = "<group>"; };
		9FC5EC5419E0A762007E6039 /* ResultsViewController.h */ = {isa = PBXFileReference; fileEncoding = 4; lastKnownFileType = sourcecode.c.h; path = ResultsViewController.h; sourceTree = "<group>"; };
		9FC5EC5519E0A762007E6039 /* ResultsViewController.m */ = {isa = PBXFileReference; fileEncoding = 4; lastKnownFileType = sourcecode.c.objc; path = ResultsViewController.m; sourceTree = "<group>"; };
		9FC5EC5B19E0A78B007E6039 /* LaunchScreen.xib */ = {isa = PBXFileReference; fileEncoding = 4; lastKnownFileType = file.xib; path = LaunchScreen.xib; sourceTree = "<group>"; };
		9FC5EC5C19E0A78B007E6039 /* Main.storyboard */ = {isa = PBXFileReference; fileEncoding = 4; lastKnownFileType = file.storyboard; path = Main.storyboard; sourceTree = "<group>"; };
		9FC5EC5F19E0A79C007E6039 /* Info.plist */ = {isa = PBXFileReference; fileEncoding = 4; lastKnownFileType = text.plist.xml; path = Info.plist; sourceTree = "<group>"; };
		9FC5EC6119E0A7A6007E6039 /* FacebookSDK.framework */ = {isa = PBXFileReference; lastKnownFileType = wrapper.framework; path = FacebookSDK.framework; sourceTree = "<group>"; };
		9FC5EC6219E0A7A6007E6039 /* Parse.framework */ = {isa = PBXFileReference; lastKnownFileType = wrapper.framework; path = Parse.framework; sourceTree = "<group>"; };
		9FC5EC6519E0A870007E6039 /* AudioToolbox.framework */ = {isa = PBXFileReference; lastKnownFileType = wrapper.framework; name = AudioToolbox.framework; path = System/Library/Frameworks/AudioToolbox.framework; sourceTree = SDKROOT; };
		9FC5EC6719E0A875007E6039 /* CFNetwork.framework */ = {isa = PBXFileReference; lastKnownFileType = wrapper.framework; name = CFNetwork.framework; path = System/Library/Frameworks/CFNetwork.framework; sourceTree = SDKROOT; };
		9FC5EC6919E0A87D007E6039 /* CoreGraphics.framework */ = {isa = PBXFileReference; lastKnownFileType = wrapper.framework; name = CoreGraphics.framework; path = System/Library/Frameworks/CoreGraphics.framework; sourceTree = SDKROOT; };
		9FC5EC6B19E0A882007E6039 /* CoreLocation.framework */ = {isa = PBXFileReference; lastKnownFileType = wrapper.framework; name = CoreLocation.framework; path = System/Library/Frameworks/CoreLocation.framework; sourceTree = SDKROOT; };
		9FC5EC6D19E0A888007E6039 /* libz.1.1.3.dylib */ = {isa = PBXFileReference; lastKnownFileType = "compiled.mach-o.dylib"; name = libz.1.1.3.dylib; path = usr/lib/libz.1.1.3.dylib; sourceTree = SDKROOT; };
		9FC5EC6F19E0A88D007E6039 /* MobileCoreServices.framework */ = {isa = PBXFileReference; lastKnownFileType = wrapper.framework; name = MobileCoreServices.framework; path = System/Library/Frameworks/MobileCoreServices.framework; sourceTree = SDKROOT; };
		9FC5EC7119E0A894007E6039 /* QuartzCore.framework */ = {isa = PBXFileReference; lastKnownFileType = wrapper.framework; name = QuartzCore.framework; path = System/Library/Frameworks/QuartzCore.framework; sourceTree = SDKROOT; };
		9FC5EC7319E0A899007E6039 /* Security.framework */ = {isa = PBXFileReference; lastKnownFileType = wrapper.framework; name = Security.framework; path = System/Library/Frameworks/Security.framework; sourceTree = SDKROOT; };
		9FC5EC7519E0A89D007E6039 /* StoreKit.framework */ = {isa = PBXFileReference; lastKnownFileType = wrapper.framework; name = StoreKit.framework; path = System/Library/Frameworks/StoreKit.framework; sourceTree = SDKROOT; };
		9FC5EC7719E0A8A3007E6039 /* SystemConfiguration.framework */ = {isa = PBXFileReference; lastKnownFileType = wrapper.framework; name = SystemConfiguration.framework; path = System/Library/Frameworks/SystemConfiguration.framework; sourceTree = SDKROOT; };
		9FC5EC7E19E0EAC2007E6039 /* UITouchTableView.h */ = {isa = PBXFileReference; fileEncoding = 4; lastKnownFileType = sourcecode.c.h; path = UITouchTableView.h; sourceTree = "<group>"; };
		9FC5EC7F19E0EAC2007E6039 /* UITouchTableView.m */ = {isa = PBXFileReference; fileEncoding = 4; lastKnownFileType = sourcecode.c.objc; path = UITouchTableView.m; sourceTree = "<group>"; };
		9FC5EC8119E0EDA8007E6039 /* Firebase.framework */ = {isa = PBXFileReference; lastKnownFileType = wrapper.framework; path = Firebase.framework; sourceTree = "<group>"; };
		9FC5EC8319E0EDF1007E6039 /* libicucore.dylib */ = {isa = PBXFileReference; lastKnownFileType = "compiled.mach-o.dylib"; name = libicucore.dylib; path = usr/lib/libicucore.dylib; sourceTree = SDKROOT; };
		9FC5EC8519E0EDF9007E6039 /* libc++.dylib */ = {isa = PBXFileReference; lastKnownFileType = "compiled.mach-o.dylib"; name = "libc++.dylib"; path = "usr/lib/libc++.dylib"; sourceTree = SDKROOT; };
		9FC5EC8719E0F8FE007E6039 /* mockup1w.png */ = {isa = PBXFileReference; lastKnownFileType = image.png; path = mockup1w.png; sourceTree = "<group>"; };
		9FC5EC8819E0F8FE007E6039 /* mockup2.png */ = {isa = PBXFileReference; lastKnownFileType = image.png; path = mockup2.png; sourceTree = "<group>"; };
		9FC5EC8919E0F8FE007E6039 /* mockup3.png */ = {isa = PBXFileReference; lastKnownFileType = image.png; path = mockup3.png; sourceTree = "<group>"; };
		9FC5EC8A19E0F8FE007E6039 /* run with me logo.png */ = {isa = PBXFileReference; lastKnownFileType = image.png; path = "run with me logo.png"; sourceTree = "<group>"; };
		9FE7DCCE19E12D82009639B7 /* ResultsCell.h */ = {isa = PBXFileReference; fileEncoding = 4; lastKnownFileType = sourcecode.c.h; path = ResultsCell.h; sourceTree = "<group>"; };
		9FE7DCCF19E12D82009639B7 /* ResultsCell.m */ = {isa = PBXFileReference; fileEncoding = 4; lastKnownFileType = sourcecode.c.objc; path = ResultsCell.m; sourceTree = "<group>"; };
/* End PBXFileReference section */

/* Begin PBXFrameworksBuildPhase section */
		9FC5EC1F19E0A6F0007E6039 /* Frameworks */ = {
			isa = PBXFrameworksBuildPhase;
			buildActionMask = 2147483647;
			files = (
				6053178F19E153A1008F04F1 /* OAuthiOS.framework in Frameworks */,
				9FC5EC6819E0A875007E6039 /* CFNetwork.framework in Frameworks */,
				9FC5EC8619E0EDF9007E6039 /* libc++.dylib in Frameworks */,
				9FC5EC8419E0EDF1007E6039 /* libicucore.dylib in Frameworks */,
				9FC5EC7819E0A8A3007E6039 /* SystemConfiguration.framework in Frameworks */,
				9FC5EC7619E0A89D007E6039 /* StoreKit.framework in Frameworks */,
				9FC5EC7419E0A899007E6039 /* Security.framework in Frameworks */,
				9FC5EC7219E0A894007E6039 /* QuartzCore.framework in Frameworks */,
				9FC5EC7019E0A88D007E6039 /* MobileCoreServices.framework in Frameworks */,
				9FC5EC6E19E0A888007E6039 /* libz.1.1.3.dylib in Frameworks */,
				9FC5EC6C19E0A882007E6039 /* CoreLocation.framework in Frameworks */,
				9FC5EC8219E0EDA8007E6039 /* Firebase.framework in Frameworks */,
				9FC5EC6A19E0A87D007E6039 /* CoreGraphics.framework in Frameworks */,
				9FC5EC6619E0A870007E6039 /* AudioToolbox.framework in Frameworks */,
				9FC5EC6319E0A7A6007E6039 /* FacebookSDK.framework in Frameworks */,
				9FC5EC6419E0A7A7007E6039 /* Parse.framework in Frameworks */,
			);
			runOnlyForDeploymentPostprocessing = 0;
		};
/* End PBXFrameworksBuildPhase section */

/* Begin PBXGroup section */
		6053179319E154A9008F04F1 /* OAuth1 */ = {
			isa = PBXGroup;
			children = (
				6053179A19E154C5008F04F1 /* Crypto */,
				6053179419E154B9008F04F1 /* OAuth1Controller.h */,
				6053179519E154B9008F04F1 /* OAuth1Controller.m */,
				6053179619E154B9008F04F1 /* NSString+URLEncoding.h */,
				6053179719E154B9008F04F1 /* NSString+URLEncoding.m */,
			);
			name = OAuth1;
			sourceTree = "<group>";
		};
		6053179A19E154C5008F04F1 /* Crypto */ = {
			isa = PBXGroup;
			children = (
				6053179B19E154D0008F04F1 /* Base64Transcoder.c */,
				6053179C19E154D0008F04F1 /* Base64Transcoder.h */,
				6053179D19E154D0008F04F1 /* hmac.c */,
				6053179E19E154D0008F04F1 /* hmac.h */,
				6053179F19E154D0008F04F1 /* sha1.c */,
				605317A019E154D0008F04F1 /* sha1.h */,
			);
			name = Crypto;
			sourceTree = "<group>";
		};
		9FC5EC1919E0A6F0007E6039 = {
			isa = PBXGroup;
			children = (
				9FC5EC2419E0A6F0007E6039 /* RunWithMe */,
				9FC5EC2319E0A6F0007E6039 /* Products */,
				9FC5EC3E19E0A6F0007E6039 /* RunWithMeTests */,
				9FC5EC8F19E0F90A007E6039 /* Images */,
				9FC5EC4B19E0A700007E6039 /* Frameworks */,
			);
			sourceTree = "<group>";
		};
		9FC5EC2319E0A6F0007E6039 /* Products */ = {
			isa = PBXGroup;
			children = (
				9FC5EC2219E0A6F0007E6039 /* RunWithMe.app */,
			);
			name = Products;
			sourceTree = "<group>";
		};
		9FC5EC2419E0A6F0007E6039 /* RunWithMe */ = {
			isa = PBXGroup;
			children = (
				9FC5EC4C19E0A762007E6039 /* AppDelegate.h */,
				9FC5EC4D19E0A762007E6039 /* AppDelegate.m */,
				9FC5EC5019E0A762007E6039 /* MyLoginViewController.h */,
				9FC5EC5119E0A762007E6039 /* MyLoginViewController.m */,
				9FC5EC5419E0A762007E6039 /* ResultsViewController.h */,
				9FC5EC5519E0A762007E6039 /* ResultsViewController.m */,
				9FE7DCCE19E12D82009639B7 /* ResultsCell.h */,
				9FE7DCCF19E12D82009639B7 /* ResultsCell.m */,
				9FC5EC5219E0A762007E6039 /* ProfileViewController.h */,
				9FC5EC5319E0A762007E6039 /* ProfileViewController.m */,
				9FC5EC7E19E0EAC2007E6039 /* UITouchTableView.h */,
				9FC5EC7F19E0EAC2007E6039 /* UITouchTableView.m */,
				9F9C98A019E173B000257E49 /* ChatViewController.h */,
				9F9C98A119E173B000257E49 /* ChatViewController.m */,
				6053179019E15481008F04F1 /* LoginWebViewController.h */,
				6053179119E15481008F04F1 /* LoginWebViewController.m */,
				6053179319E154A9008F04F1 /* OAuth1 */,
				9FC5EC5B19E0A78B007E6039 /* LaunchScreen.xib */,
				9FC5EC5C19E0A78B007E6039 /* Main.storyboard */,
				9FC5EC2519E0A6F0007E6039 /* Supporting Files */,
			);
			path = RunWithMe;
			sourceTree = "<group>";
		};
		9FC5EC2519E0A6F0007E6039 /* Supporting Files */ = {
			isa = PBXGroup;
			children = (
				9FC5EC5F19E0A79C007E6039 /* Info.plist */,
				9FC5EC2719E0A6F0007E6039 /* main.m */,
			);
			name = "Supporting Files";
			sourceTree = "<group>";
		};
		9FC5EC3E19E0A6F0007E6039 /* RunWithMeTests */ = {
			isa = PBXGroup;
			children = (
				9FC5EC4119E0A6F0007E6039 /* RunWithMeTests.m */,
				9FC5EC3F19E0A6F0007E6039 /* Supporting Files */,
			);
			path = RunWithMeTests;
			sourceTree = "<group>";
		};
		9FC5EC3F19E0A6F0007E6039 /* Supporting Files */ = {
			isa = PBXGroup;
			children = (
				9FC5EC4019E0A6F0007E6039 /* Info.plist */,
			);
			name = "Supporting Files";
			sourceTree = "<group>";
		};
		9FC5EC4B19E0A700007E6039 /* Frameworks */ = {
			isa = PBXGroup;
			children = (
				6053178E19E153A1008F04F1 /* OAuthiOS.framework */,
				9FC5EC8519E0EDF9007E6039 /* libc++.dylib */,
				9FC5EC8319E0EDF1007E6039 /* libicucore.dylib */,
				9FC5EC8119E0EDA8007E6039 /* Firebase.framework */,
				9FC5EC7719E0A8A3007E6039 /* SystemConfiguration.framework */,
				9FC5EC7519E0A89D007E6039 /* StoreKit.framework */,
				9FC5EC7319E0A899007E6039 /* Security.framework */,
				9FC5EC7119E0A894007E6039 /* QuartzCore.framework */,
				9FC5EC6F19E0A88D007E6039 /* MobileCoreServices.framework */,
				9FC5EC6D19E0A888007E6039 /* libz.1.1.3.dylib */,
				9FC5EC6B19E0A882007E6039 /* CoreLocation.framework */,
				9FC5EC6919E0A87D007E6039 /* CoreGraphics.framework */,
				9FC5EC6719E0A875007E6039 /* CFNetwork.framework */,
				9FC5EC6519E0A870007E6039 /* AudioToolbox.framework */,
				9FC5EC6119E0A7A6007E6039 /* FacebookSDK.framework */,
				9FC5EC6219E0A7A6007E6039 /* Parse.framework */,
			);
			name = Frameworks;
			sourceTree = "<group>";
		};
		9FC5EC8F19E0F90A007E6039 /* Images */ = {
			isa = PBXGroup;
			children = (
				9F9C989B19E16CD700257E49 /* run with me logo-p1.png */,
				9FC5EC8719E0F8FE007E6039 /* mockup1w.png */,
				9FC5EC8819E0F8FE007E6039 /* mockup2.png */,
				9FC5EC8919E0F8FE007E6039 /* mockup3.png */,
				9FC5EC8A19E0F8FE007E6039 /* run with me logo.png */,
			);
			name = Images;
			sourceTree = "<group>";
		};
/* End PBXGroup section */

/* Begin PBXNativeTarget section */
		9FC5EC2119E0A6F0007E6039 /* RunWithMe */ = {
			isa = PBXNativeTarget;
			buildConfigurationList = 9FC5EC4519E0A6F0007E6039 /* Build configuration list for PBXNativeTarget "RunWithMe" */;
			buildPhases = (
				9FC5EC1E19E0A6F0007E6039 /* Sources */,
				9FC5EC1F19E0A6F0007E6039 /* Frameworks */,
				9FC5EC2019E0A6F0007E6039 /* Resources */,
			);
			buildRules = (
			);
			dependencies = (
			);
			name = RunWithMe;
			productName = RunWithMe;
			productReference = 9FC5EC2219E0A6F0007E6039 /* RunWithMe.app */;
			productType = "com.apple.product-type.application";
		};
/* End PBXNativeTarget section */

/* Begin PBXProject section */
		9FC5EC1A19E0A6F0007E6039 /* Project object */ = {
			isa = PBXProject;
			attributes = {
				LastUpgradeCheck = 0610;
				ORGANIZATIONNAME = HackMIT;
				TargetAttributes = {
					9FC5EC2119E0A6F0007E6039 = {
						CreatedOnToolsVersion = 6.1;
						DevelopmentTeam = 5PBDJVQUK2;
					};
				};
			};
			buildConfigurationList = 9FC5EC1D19E0A6F0007E6039 /* Build configuration list for PBXProject "RunWithMe" */;
			compatibilityVersion = "Xcode 3.2";
			developmentRegion = English;
			hasScannedForEncodings = 0;
			knownRegions = (
				en,
				Base,
			);
			mainGroup = 9FC5EC1919E0A6F0007E6039;
			productRefGroup = 9FC5EC2319E0A6F0007E6039 /* Products */;
			projectDirPath = "";
			projectRoot = "";
			targets = (
				9FC5EC2119E0A6F0007E6039 /* RunWithMe */,
			);
		};
/* End PBXProject section */

/* Begin PBXResourcesBuildPhase section */
		9FC5EC2019E0A6F0007E6039 /* Resources */ = {
			isa = PBXResourcesBuildPhase;
			buildActionMask = 2147483647;
			files = (
				9F9C989C19E16CD700257E49 /* run with me logo-p1.png in Resources */,
				9FC5EC8D19E0F8FE007E6039 /* mockup3.png in Resources */,
				9FC5EC5D19E0A78B007E6039 /* LaunchScreen.xib in Resources */,
				9FC5EC5E19E0A78B007E6039 /* Main.storyboard in Resources */,
				9FC5EC8E19E0F8FE007E6039 /* run with me logo.png in Resources */,
				9FC5EC8B19E0F8FE007E6039 /* mockup1w.png in Resources */,
				9FC5EC8C19E0F8FE007E6039 /* mockup2.png in Resources */,
			);
			runOnlyForDeploymentPostprocessing = 0;
		};
/* End PBXResourcesBuildPhase section */

/* Begin PBXSourcesBuildPhase section */
		9FC5EC1E19E0A6F0007E6039 /* Sources */ = {
			isa = PBXSourcesBuildPhase;
			buildActionMask = 2147483647;
			files = (
				605317A219E154D0008F04F1 /* hmac.c in Sources */,
				6053179919E154B9008F04F1 /* NSString+URLEncoding.m in Sources */,
				605317A119E154D0008F04F1 /* Base64Transcoder.c in Sources */,
				9FC5EC7D19E0EAB0007E6039 /* ViewController.m in Sources */,
				605317A319E154D0008F04F1 /* sha1.c in Sources */,
				9FC5EC5819E0A762007E6039 /* MyLoginViewController.m in Sources */,
				9FE7DCD019E12D82009639B7 /* ResultsCell.m in Sources */,
				9FC5EC5619E0A762007E6039 /* AppDelegate.m in Sources */,
				9FC5EC2819E0A6F0007E6039 /* main.m in Sources */,
				9FC5EC8019E0EAC2007E6039 /* UITouchTableView.m in Sources */,
				9FC5EC5A19E0A762007E6039 /* ResultsViewController.m in Sources */,
				9F9C98A219E173B000257E49 /* ChatViewController.m in Sources */,
				6053179819E154B9008F04F1 /* OAuth1Controller.m in Sources */,
				6053179219E15481008F04F1 /* LoginWebViewController.m in Sources */,
				9FC5EC5919E0A762007E6039 /* ProfileViewController.m in Sources */,
			);
			runOnlyForDeploymentPostprocessing = 0;
		};
/* End PBXSourcesBuildPhase section */

/* Begin XCBuildConfiguration section */
		9FC5EC4319E0A6F0007E6039 /* Debug */ = {
			isa = XCBuildConfiguration;
			buildSettings = {
				ALWAYS_SEARCH_USER_PATHS = NO;
				CLANG_CXX_LANGUAGE_STANDARD = "gnu++0x";
				CLANG_CXX_LIBRARY = "libc++";
				CLANG_ENABLE_MODULES = YES;
				CLANG_ENABLE_OBJC_ARC = YES;
				CLANG_WARN_BOOL_CONVERSION = YES;
				CLANG_WARN_CONSTANT_CONVERSION = YES;
				CLANG_WARN_DIRECT_OBJC_ISA_USAGE = YES_ERROR;
				CLANG_WARN_EMPTY_BODY = YES;
				CLANG_WARN_ENUM_CONVERSION = YES;
				CLANG_WARN_INT_CONVERSION = YES;
				CLANG_WARN_OBJC_ROOT_CLASS = YES_ERROR;
				CLANG_WARN_UNREACHABLE_CODE = YES;
				CLANG_WARN__DUPLICATE_METHOD_MATCH = YES;
				"CODE_SIGN_IDENTITY[sdk=iphoneos*]" = "iPhone Developer";
				COPY_PHASE_STRIP = NO;
				ENABLE_STRICT_OBJC_MSGSEND = YES;
				GCC_C_LANGUAGE_STANDARD = gnu99;
				GCC_DYNAMIC_NO_PIC = NO;
				GCC_OPTIMIZATION_LEVEL = 0;
				GCC_PREPROCESSOR_DEFINITIONS = (
					"DEBUG=1",
					"$(inherited)",
				);
				GCC_SYMBOLS_PRIVATE_EXTERN = NO;
				GCC_WARN_64_TO_32_BIT_CONVERSION = YES;
				GCC_WARN_ABOUT_RETURN_TYPE = YES_ERROR;
				GCC_WARN_UNDECLARED_SELECTOR = YES;
				GCC_WARN_UNINITIALIZED_AUTOS = YES_AGGRESSIVE;
				GCC_WARN_UNUSED_FUNCTION = YES;
				GCC_WARN_UNUSED_VARIABLE = YES;
				IPHONEOS_DEPLOYMENT_TARGET = 8.0;
				MTL_ENABLE_DEBUG_INFO = YES;
				ONLY_ACTIVE_ARCH = YES;
				SDKROOT = iphoneos;
			};
			name = Debug;
		};
		9FC5EC4419E0A6F0007E6039 /* Release */ = {
			isa = XCBuildConfiguration;
			buildSettings = {
				ALWAYS_SEARCH_USER_PATHS = NO;
				CLANG_CXX_LANGUAGE_STANDARD = "gnu++0x";
				CLANG_CXX_LIBRARY = "libc++";
				CLANG_ENABLE_MODULES = YES;
				CLANG_ENABLE_OBJC_ARC = YES;
				CLANG_WARN_BOOL_CONVERSION = YES;
				CLANG_WARN_CONSTANT_CONVERSION = YES;
				CLANG_WARN_DIRECT_OBJC_ISA_USAGE = YES_ERROR;
				CLANG_WARN_EMPTY_BODY = YES;
				CLANG_WARN_ENUM_CONVERSION = YES;
				CLANG_WARN_INT_CONVERSION = YES;
				CLANG_WARN_OBJC_ROOT_CLASS = YES_ERROR;
				CLANG_WARN_UNREACHABLE_CODE = YES;
				CLANG_WARN__DUPLICATE_METHOD_MATCH = YES;
				"CODE_SIGN_IDENTITY[sdk=iphoneos*]" = "iPhone Developer";
				COPY_PHASE_STRIP = YES;
				ENABLE_NS_ASSERTIONS = NO;
				ENABLE_STRICT_OBJC_MSGSEND = YES;
				GCC_C_LANGUAGE_STANDARD = gnu99;
				GCC_WARN_64_TO_32_BIT_CONVERSION = YES;
				GCC_WARN_ABOUT_RETURN_TYPE = YES_ERROR;
				GCC_WARN_UNDECLARED_SELECTOR = YES;
				GCC_WARN_UNINITIALIZED_AUTOS = YES_AGGRESSIVE;
				GCC_WARN_UNUSED_FUNCTION = YES;
				GCC_WARN_UNUSED_VARIABLE = YES;
				IPHONEOS_DEPLOYMENT_TARGET = 8.0;
				MTL_ENABLE_DEBUG_INFO = NO;
				SDKROOT = iphoneos;
				VALIDATE_PRODUCT = YES;
			};
			name = Release;
		};
		9FC5EC4619E0A6F0007E6039 /* Debug */ = {
			isa = XCBuildConfiguration;
			buildSettings = {
				ASSETCATALOG_COMPILER_APPICON_NAME = AppIcon;
				CODE_SIGN_IDENTITY = "iPhone Distribution: Guanyang Yu (5PBDJVQUK2)";
				"CODE_SIGN_IDENTITY[sdk=iphoneos*]" = "iPhone Developer";
				FRAMEWORK_SEARCH_PATHS = (
					"$(inherited)",
					"$(PROJECT_DIR)",
				);
				INFOPLIST_FILE = RunWithMe/Info.plist;
				IPHONEOS_DEPLOYMENT_TARGET = 8.0;
				LD_RUNPATH_SEARCH_PATHS = "$(inherited) @executable_path/Frameworks";
				LIBRARY_SEARCH_PATHS = (
					"$(inherited)",
					"$(PROJECT_DIR)",
				);
				OTHER_LDFLAGS = "-ObjC";
				PRODUCT_NAME = "$(TARGET_NAME)";
				PROVISIONING_PROFILE = "";
				USER_HEADER_SEARCH_PATHS = "$(inherited) $(PROJECT_DIR)";
			};
			name = Debug;
		};
		9FC5EC4719E0A6F0007E6039 /* Release */ = {
			isa = XCBuildConfiguration;
			buildSettings = {
				ASSETCATALOG_COMPILER_APPICON_NAME = AppIcon;
				CODE_SIGN_IDENTITY = "iPhone Distribution: Guanyang Yu (5PBDJVQUK2)";
				"CODE_SIGN_IDENTITY[sdk=iphoneos*]" = "iPhone Developer";
				FRAMEWORK_SEARCH_PATHS = (
					"$(inherited)",
					"$(PROJECT_DIR)",
				);
				INFOPLIST_FILE = RunWithMe/Info.plist;
				IPHONEOS_DEPLOYMENT_TARGET = 8.0;
				LD_RUNPATH_SEARCH_PATHS = "$(inherited) @executable_path/Frameworks";
				LIBRARY_SEARCH_PATHS = (
					"$(inherited)",
					"$(PROJECT_DIR)",
				);
				OTHER_LDFLAGS = "-ObjC";
				PRODUCT_NAME = "$(TARGET_NAME)";
				PROVISIONING_PROFILE = "";
				USER_HEADER_SEARCH_PATHS = "$(inherited) $(PROJECT_DIR)";
			};
			name = Release;
		};
/* End XCBuildConfiguration section */

/* Begin XCConfigurationList section */
		9FC5EC1D19E0A6F0007E6039 /* Build configuration list for PBXProject "RunWithMe" */ = {
			isa = XCConfigurationList;
			buildConfigurations = (
				9FC5EC4319E0A6F0007E6039 /* Debug */,
				9FC5EC4419E0A6F0007E6039 /* Release */,
			);
			defaultConfigurationIsVisible = 0;
			defaultConfigurationName = Release;
		};
		9FC5EC4519E0A6F0007E6039 /* Build configuration list for PBXNativeTarget "RunWithMe" */ = {
			isa = XCConfigurationList;
			buildConfigurations = (
				9FC5EC4619E0A6F0007E6039 /* Debug */,
				9FC5EC4719E0A6F0007E6039 /* Release */,
			);
			defaultConfigurationIsVisible = 0;
			defaultConfigurationName = Release;
		};
/* End XCConfigurationList section */
	};
	rootObject = 9FC5EC1A19E0A6F0007E6039 /* Project object */;
}
