// !$*UTF8*$!
{
	archiveVersion = 1;
	classes = {
	};
	objectVersion = 46;
	objects = {

/* Begin PBXBuildFile section */
		9F147AEC19E091A800463B77 /* LoginViewController.m in Sources */ = {isa = PBXBuildFile; fileRef = 9F147AEB19E091A800463B77 /* LoginViewController.m */; };
		9F147AEF19E0922600463B77 /* ChatViewController.m in Sources */ = {isa = PBXBuildFile; fileRef = 9F147AEE19E0922600463B77 /* ChatViewController.m */; };
		9F22314219E08BA400AF2385 /* main.m in Sources */ = {isa = PBXBuildFile; fileRef = 9F22314119E08BA400AF2385 /* main.m */; };
		9F22314519E08BA400AF2385 /* AppDelegate.m in Sources */ = {isa = PBXBuildFile; fileRef = 9F22314419E08BA400AF2385 /* AppDelegate.m */; };
		9F22314819E08BA400AF2385 /* ResultsViewController.m in Sources */ = {isa = PBXBuildFile; fileRef = 9F22314719E08BA400AF2385 /* ResultsViewController.m */; };
		9F22314B19E08BA400AF2385 /* ProfileViewController.m in Sources */ = {isa = PBXBuildFile; fileRef = 9F22314A19E08BA400AF2385 /* ProfileViewController.m */; };
		9F22314E19E08BA400AF2385 /* Main.storyboard in Resources */ = {isa = PBXBuildFile; fileRef = 9F22314C19E08BA400AF2385 /* Main.storyboard */; };
		9F22315019E08BA400AF2385 /* Images.xcassets in Resources */ = {isa = PBXBuildFile; fileRef = 9F22314F19E08BA400AF2385 /* Images.xcassets */; };
		9F22315319E08BA400AF2385 /* LaunchScreen.xib in Resources */ = {isa = PBXBuildFile; fileRef = 9F22315119E08BA400AF2385 /* LaunchScreen.xib */; };
		9F22315F19E08BA400AF2385 /* Run_With_MeTests.m in Sources */ = {isa = PBXBuildFile; fileRef = 9F22315E19E08BA400AF2385 /* Run_With_MeTests.m */; };
		9F8ECBE619E098560072F445 /* FacebookSDK.framework in Frameworks */ = {isa = PBXBuildFile; fileRef = 9F8ECBE519E098560072F445 /* FacebookSDK.framework */; };
/* End PBXBuildFile section */

/* Begin PBXContainerItemProxy section */
		9F22315919E08BA400AF2385 /* PBXContainerItemProxy */ = {
			isa = PBXContainerItemProxy;
			containerPortal = 9F22313419E08BA400AF2385 /* Project object */;
			proxyType = 1;
			remoteGlobalIDString = 9F22313B19E08BA400AF2385;
			remoteInfo = "Run With Me";
		};
/* End PBXContainerItemProxy section */

/* Begin PBXFileReference section */
		9F147AEA19E091A800463B77 /* LoginViewController.h */ = {isa = PBXFileReference; fileEncoding = 4; lastKnownFileType = sourcecode.c.h; path = LoginViewController.h; sourceTree = "<group>"; };
		9F147AEB19E091A800463B77 /* LoginViewController.m */ = {isa = PBXFileReference; fileEncoding = 4; lastKnownFileType = sourcecode.c.objc; path = LoginViewController.m; sourceTree = "<group>"; };
		9F147AED19E0922600463B77 /* ChatViewController.h */ = {isa = PBXFileReference; fileEncoding = 4; lastKnownFileType = sourcecode.c.h; path = ChatViewController.h; sourceTree = "<group>"; };
		9F147AEE19E0922600463B77 /* ChatViewController.m */ = {isa = PBXFileReference; fileEncoding = 4; lastKnownFileType = sourcecode.c.objc; path = ChatViewController.m; sourceTree = "<group>"; };
		9F22313C19E08BA400AF2385 /* Run With Me.app */ = {isa = PBXFileReference; explicitFileType = wrapper.application; includeInIndex = 0; path = "Run With Me.app"; sourceTree = BUILT_PRODUCTS_DIR; };
		9F22314019E08BA400AF2385 /* Info.plist */ = {isa = PBXFileReference; lastKnownFileType = text.plist.xml; path = Info.plist; sourceTree = "<group>"; };
		9F22314119E08BA400AF2385 /* main.m */ = {isa = PBXFileReference; lastKnownFileType = sourcecode.c.objc; path = main.m; sourceTree = "<group>"; };
		9F22314319E08BA400AF2385 /* AppDelegate.h */ = {isa = PBXFileReference; lastKnownFileType = sourcecode.c.h; path = AppDelegate.h; sourceTree = "<group>"; };
		9F22314419E08BA400AF2385 /* AppDelegate.m */ = {isa = PBXFileReference; lastKnownFileType = sourcecode.c.objc; path = AppDelegate.m; sourceTree = "<group>"; };
		9F22314619E08BA400AF2385 /* ResultsViewController.h */ = {isa = PBXFileReference; lastKnownFileType = sourcecode.c.h; path = ResultsViewController.h; sourceTree = "<group>"; };
		9F22314719E08BA400AF2385 /* ResultsViewController.m */ = {isa = PBXFileReference; lastKnownFileType = sourcecode.c.objc; path = ResultsViewController.m; sourceTree = "<group>"; };
		9F22314919E08BA400AF2385 /* ProfileViewController.h */ = {isa = PBXFileReference; lastKnownFileType = sourcecode.c.h; path = ProfileViewController.h; sourceTree = "<group>"; };
		9F22314A19E08BA400AF2385 /* ProfileViewController.m */ = {isa = PBXFileReference; lastKnownFileType = sourcecode.c.objc; path = ProfileViewController.m; sourceTree = "<group>"; };
		9F22314D19E08BA400AF2385 /* Base */ = {isa = PBXFileReference; lastKnownFileType = file.storyboard; name = Base; path = Base.lproj/Main.storyboard; sourceTree = "<group>"; };
		9F22314F19E08BA400AF2385 /* Images.xcassets */ = {isa = PBXFileReference; lastKnownFileType = folder.assetcatalog; path = Images.xcassets; sourceTree = "<group>"; };
		9F22315219E08BA400AF2385 /* Base */ = {isa = PBXFileReference; lastKnownFileType = file.xib; name = Base; path = Base.lproj/LaunchScreen.xib; sourceTree = "<group>"; };
		9F22315819E08BA400AF2385 /* Run With MeTests.xctest */ = {isa = PBXFileReference; explicitFileType = wrapper.cfbundle; includeInIndex = 0; path = "Run With MeTests.xctest"; sourceTree = BUILT_PRODUCTS_DIR; };
		9F22315D19E08BA400AF2385 /* Info.plist */ = {isa = PBXFileReference; lastKnownFileType = text.plist.xml; path = Info.plist; sourceTree = "<group>"; };
		9F22315E19E08BA400AF2385 /* Run_With_MeTests.m */ = {isa = PBXFileReference; lastKnownFileType = sourcecode.c.objc; path = Run_With_MeTests.m; sourceTree = "<group>"; };
		9F8ECBE519E098560072F445 /* FacebookSDK.framework */ = {isa = PBXFileReference; lastKnownFileType = wrapper.framework; path = FacebookSDK.framework; sourceTree = "<group>"; };
/* End PBXFileReference section */

/* Begin PBXFrameworksBuildPhase section */
		9F22313919E08BA400AF2385 /* Frameworks */ = {
			isa = PBXFrameworksBuildPhase;
			buildActionMask = 2147483647;
			files = (
				9F8ECBE619E098560072F445 /* FacebookSDK.framework in Frameworks */,
			);
			runOnlyForDeploymentPostprocessing = 0;
		};
		9F22315519E08BA400AF2385 /* Frameworks */ = {
			isa = PBXFrameworksBuildPhase;
			buildActionMask = 2147483647;
			files = (
			);
			runOnlyForDeploymentPostprocessing = 0;
		};
/* End PBXFrameworksBuildPhase section */

/* Begin PBXGroup section */
		9F22313319E08BA400AF2385 = {
			isa = PBXGroup;
			children = (
				9F22313E19E08BA400AF2385 /* Run With Me */,
				9F22315B19E08BA400AF2385 /* Run With MeTests */,
				9F22313D19E08BA400AF2385 /* Products */,
				9F8ECBE519E098560072F445 /* FacebookSDK.framework */,
			);
			sourceTree = "<group>";
		};
		9F22313D19E08BA400AF2385 /* Products */ = {
			isa = PBXGroup;
			children = (
				9F22313C19E08BA400AF2385 /* Run With Me.app */,
				9F22315819E08BA400AF2385 /* Run With MeTests.xctest */,
			);
			name = Products;
			sourceTree = "<group>";
		};
		9F22313E19E08BA400AF2385 /* Run With Me */ = {
			isa = PBXGroup;
			children = (
				9F22314319E08BA400AF2385 /* AppDelegate.h */,
				9F22314419E08BA400AF2385 /* AppDelegate.m */,
				9F147AEA19E091A800463B77 /* LoginViewController.h */,
				9F147AEB19E091A800463B77 /* LoginViewController.m */,
				9F22314619E08BA400AF2385 /* ResultsViewController.h */,
				9F22314719E08BA400AF2385 /* ResultsViewController.m */,
				9F22314919E08BA400AF2385 /* ProfileViewController.h */,
				9F22314A19E08BA400AF2385 /* ProfileViewController.m */,
				9F147AED19E0922600463B77 /* ChatViewController.h */,
				9F147AEE19E0922600463B77 /* ChatViewController.m */,
				9F22314C19E08BA400AF2385 /* Main.storyboard */,
				9F22314F19E08BA400AF2385 /* Images.xcassets */,
				9F22315119E08BA400AF2385 /* LaunchScreen.xib */,
				9F22313F19E08BA400AF2385 /* Supporting Files */,
			);
			path = "Run With Me";
			sourceTree = "<group>";
		};
		9F22313F19E08BA400AF2385 /* Supporting Files */ = {
			isa = PBXGroup;
			children = (
				9F22314019E08BA400AF2385 /* Info.plist */,
				9F22314119E08BA400AF2385 /* main.m */,
			);
			name = "Supporting Files";
			sourceTree = "<group>";
		};
		9F22315B19E08BA400AF2385 /* Run With MeTests */ = {
			isa = PBXGroup;
			children = (
				9F22315E19E08BA400AF2385 /* Run_With_MeTests.m */,
				9F22315C19E08BA400AF2385 /* Supporting Files */,
			);
			path = "Run With MeTests";
			sourceTree = "<group>";
		};
		9F22315C19E08BA400AF2385 /* Supporting Files */ = {
			isa = PBXGroup;
			children = (
				9F22315D19E08BA400AF2385 /* Info.plist */,
			);
			name = "Supporting Files";
			sourceTree = "<group>";
		};
/* End PBXGroup section */

/* Begin PBXNativeTarget section */
		9F22313B19E08BA400AF2385 /* Run With Me */ = {
			isa = PBXNativeTarget;
			buildConfigurationList = 9F22316219E08BA400AF2385 /* Build configuration list for PBXNativeTarget "Run With Me" */;
			buildPhases = (
				9F22313819E08BA400AF2385 /* Sources */,
				9F22313919E08BA400AF2385 /* Frameworks */,
				9F22313A19E08BA400AF2385 /* Resources */,
			);
			buildRules = (
			);
			dependencies = (
			);
			name = "Run With Me";
			productName = "Run With Me";
			productReference = 9F22313C19E08BA400AF2385 /* Run With Me.app */;
			productType = "com.apple.product-type.application";
		};
		9F22315719E08BA400AF2385 /* Run With MeTests */ = {
			isa = PBXNativeTarget;
			buildConfigurationList = 9F22316519E08BA400AF2385 /* Build configuration list for PBXNativeTarget "Run With MeTests" */;
			buildPhases = (
				9F22315419E08BA400AF2385 /* Sources */,
				9F22315519E08BA400AF2385 /* Frameworks */,
				9F22315619E08BA400AF2385 /* Resources */,
			);
			buildRules = (
			);
			dependencies = (
				9F22315A19E08BA400AF2385 /* PBXTargetDependency */,
			);
			name = "Run With MeTests";
			productName = "Run With MeTests";
			productReference = 9F22315819E08BA400AF2385 /* Run With MeTests.xctest */;
			productType = "com.apple.product-type.bundle.unit-test";
		};
/* End PBXNativeTarget section */

/* Begin PBXProject section */
		9F22313419E08BA400AF2385 /* Project object */ = {
			isa = PBXProject;
			attributes = {
				LastUpgradeCheck = 0610;
				ORGANIZATIONNAME = HackMIT;
				TargetAttributes = {
					9F22313B19E08BA400AF2385 = {
						CreatedOnToolsVersion = 6.1;
					};
					9F22315719E08BA400AF2385 = {
						CreatedOnToolsVersion = 6.1;
						TestTargetID = 9F22313B19E08BA400AF2385;
					};
				};
			};
			buildConfigurationList = 9F22313719E08BA400AF2385 /* Build configuration list for PBXProject "Run With Me" */;
			compatibilityVersion = "Xcode 3.2";
			developmentRegion = English;
			hasScannedForEncodings = 0;
			knownRegions = (
				en,
				Base,
			);
			mainGroup = 9F22313319E08BA400AF2385;
			productRefGroup = 9F22313D19E08BA400AF2385 /* Products */;
			projectDirPath = "";
			projectRoot = "";
			targets = (
				9F22313B19E08BA400AF2385 /* Run With Me */,
				9F22315719E08BA400AF2385 /* Run With MeTests */,
			);
		};
/* End PBXProject section */

/* Begin PBXResourcesBuildPhase section */
		9F22313A19E08BA400AF2385 /* Resources */ = {
			isa = PBXResourcesBuildPhase;
			buildActionMask = 2147483647;
			files = (
				9F22314E19E08BA400AF2385 /* Main.storyboard in Resources */,
				9F22315319E08BA400AF2385 /* LaunchScreen.xib in Resources */,
				9F22315019E08BA400AF2385 /* Images.xcassets in Resources */,
			);
			runOnlyForDeploymentPostprocessing = 0;
		};
		9F22315619E08BA400AF2385 /* Resources */ = {
			isa = PBXResourcesBuildPhase;
			buildActionMask = 2147483647;
			files = (
			);
			runOnlyForDeploymentPostprocessing = 0;
		};
/* End PBXResourcesBuildPhase section */

/* Begin PBXSourcesBuildPhase section */
		9F22313819E08BA400AF2385 /* Sources */ = {
			isa = PBXSourcesBuildPhase;
			buildActionMask = 2147483647;
			files = (
				9F22314519E08BA400AF2385 /* AppDelegate.m in Sources */,
				9F22314819E08BA400AF2385 /* ResultsViewController.m in Sources */,
				9F147AEF19E0922600463B77 /* ChatViewController.m in Sources */,
				9F22314219E08BA400AF2385 /* main.m in Sources */,
				9F22314B19E08BA400AF2385 /* ProfileViewController.m in Sources */,
				9F147AEC19E091A800463B77 /* LoginViewController.m in Sources */,
			);
			runOnlyForDeploymentPostprocessing = 0;
		};
		9F22315419E08BA400AF2385 /* Sources */ = {
			isa = PBXSourcesBuildPhase;
			buildActionMask = 2147483647;
			files = (
				9F22315F19E08BA400AF2385 /* Run_With_MeTests.m in Sources */,
			);
			runOnlyForDeploymentPostprocessing = 0;
		};
/* End PBXSourcesBuildPhase section */

/* Begin PBXTargetDependency section */
		9F22315A19E08BA400AF2385 /* PBXTargetDependency */ = {
			isa = PBXTargetDependency;
			target = 9F22313B19E08BA400AF2385 /* Run With Me */;
			targetProxy = 9F22315919E08BA400AF2385 /* PBXContainerItemProxy */;
		};
/* End PBXTargetDependency section */

/* Begin PBXVariantGroup section */
		9F22314C19E08BA400AF2385 /* Main.storyboard */ = {
			isa = PBXVariantGroup;
			children = (
				9F22314D19E08BA400AF2385 /* Base */,
			);
			name = Main.storyboard;
			sourceTree = "<group>";
		};
		9F22315119E08BA400AF2385 /* LaunchScreen.xib */ = {
			isa = PBXVariantGroup;
			children = (
				9F22315219E08BA400AF2385 /* Base */,
			);
			name = LaunchScreen.xib;
			sourceTree = "<group>";
		};
/* End PBXVariantGroup section */

/* Begin XCBuildConfiguration section */
		9F22316019E08BA400AF2385 /* Debug */ = {
			isa = XCBuildConfiguration;
			buildSettings = {
				ALWAYS_SEARCH_USER_PATHS = NO;
				CLANG_CXX_LANGUAGE_STANDARD = "gnu++0x";
				CLANG_CXX_LIBRARY = "libc++";
				CLANG_ENABLE_MODULES = YES;
				CLANG_ENABLE_OBJC_ARC = YES;
				CLANG_WARN_BOOL_CONVERSION = YES;
				CLANG_WARN_CONSTANT_CONVERSION = YES;
				CLANG_WARN_DIRECT_OBJC_ISA_USAGE = YES_ERROR;
				CLANG_WARN_EMPTY_BODY = YES;
				CLANG_WARN_ENUM_CONVERSION = YES;
				CLANG_WARN_INT_CONVERSION = YES;
				CLANG_WARN_OBJC_ROOT_CLASS = YES_ERROR;
				CLANG_WARN_UNREACHABLE_CODE = YES;
				CLANG_WARN__DUPLICATE_METHOD_MATCH = YES;
				"CODE_SIGN_IDENTITY[sdk=iphoneos*]" = "iPhone Developer";
				COPY_PHASE_STRIP = NO;
				ENABLE_STRICT_OBJC_MSGSEND = YES;
				GCC_C_LANGUAGE_STANDARD = gnu99;
				GCC_DYNAMIC_NO_PIC = NO;
				GCC_OPTIMIZATION_LEVEL = 0;
				GCC_PREPROCESSOR_DEFINITIONS = (
					"DEBUG=1",
					"$(inherited)",
				);
				GCC_SYMBOLS_PRIVATE_EXTERN = NO;
				GCC_WARN_64_TO_32_BIT_CONVERSION = YES;
				GCC_WARN_ABOUT_RETURN_TYPE = YES_ERROR;
				GCC_WARN_UNDECLARED_SELECTOR = YES;
				GCC_WARN_UNINITIALIZED_AUTOS = YES_AGGRESSIVE;
				GCC_WARN_UNUSED_FUNCTION = YES;
				GCC_WARN_UNUSED_VARIABLE = YES;
				IPHONEOS_DEPLOYMENT_TARGET = 8.1;
				MTL_ENABLE_DEBUG_INFO = YES;
				ONLY_ACTIVE_ARCH = YES;
				SDKROOT = iphoneos;
			};
			name = Debug;
		};
		9F22316119E08BA400AF2385 /* Release */ = {
			isa = XCBuildConfiguration;
			buildSettings = {
				ALWAYS_SEARCH_USER_PATHS = NO;
				CLANG_CXX_LANGUAGE_STANDARD = "gnu++0x";
				CLANG_CXX_LIBRARY = "libc++";
				CLANG_ENABLE_MODULES = YES;
				CLANG_ENABLE_OBJC_ARC = YES;
				CLANG_WARN_BOOL_CONVERSION = YES;
				CLANG_WARN_CONSTANT_CONVERSION = YES;
				CLANG_WARN_DIRECT_OBJC_ISA_USAGE = YES_ERROR;
				CLANG_WARN_EMPTY_BODY = YES;
				CLANG_WARN_ENUM_CONVERSION = YES;
				CLANG_WARN_INT_CONVERSION = YES;
				CLANG_WARN_OBJC_ROOT_CLASS = YES_ERROR;
				CLANG_WARN_UNREACHABLE_CODE = YES;
				CLANG_WARN__DUPLICATE_METHOD_MATCH = YES;
				"CODE_SIGN_IDENTITY[sdk=iphoneos*]" = "iPhone Developer";
				COPY_PHASE_STRIP = YES;
				ENABLE_NS_ASSERTIONS = NO;
				ENABLE_STRICT_OBJC_MSGSEND = YES;
				GCC_C_LANGUAGE_STANDARD = gnu99;
				GCC_WARN_64_TO_32_BIT_CONVERSION = YES;
				GCC_WARN_ABOUT_RETURN_TYPE = YES_ERROR;
				GCC_WARN_UNDECLARED_SELECTOR = YES;
				GCC_WARN_UNINITIALIZED_AUTOS = YES_AGGRESSIVE;
				GCC_WARN_UNUSED_FUNCTION = YES;
				GCC_WARN_UNUSED_VARIABLE = YES;
				IPHONEOS_DEPLOYMENT_TARGET = 8.1;
				MTL_ENABLE_DEBUG_INFO = NO;
				SDKROOT = iphoneos;
				VALIDATE_PRODUCT = YES;
			};
			name = Release;
		};
		9F22316319E08BA400AF2385 /* Debug */ = {
			isa = XCBuildConfiguration;
			buildSettings = {
				ASSETCATALOG_COMPILER_APPICON_NAME = AppIcon;
				FRAMEWORK_SEARCH_PATHS = (
					"$(inherited)",
					"$(PROJECT_DIR)",
				);
				INFOPLIST_FILE = "Run With Me/Info.plist";
				IPHONEOS_DEPLOYMENT_TARGET = 8.0;
				LD_RUNPATH_SEARCH_PATHS = "$(inherited) @executable_path/Frameworks";
				PRODUCT_NAME = "$(TARGET_NAME)";
			};
			name = Debug;
		};
		9F22316419E08BA400AF2385 /* Release */ = {
			isa = XCBuildConfiguration;
			buildSettings = {
				ASSETCATALOG_COMPILER_APPICON_NAME = AppIcon;
				FRAMEWORK_SEARCH_PATHS = (
					"$(inherited)",
					"$(PROJECT_DIR)",
				);
				INFOPLIST_FILE = "Run With Me/Info.plist";
				IPHONEOS_DEPLOYMENT_TARGET = 8.0;
				LD_RUNPATH_SEARCH_PATHS = "$(inherited) @executable_path/Frameworks";
				PRODUCT_NAME = "$(TARGET_NAME)";
			};
			name = Release;
		};
		9F22316619E08BA400AF2385 /* Debug */ = {
			isa = XCBuildConfiguration;
			buildSettings = {
				BUNDLE_LOADER = "$(TEST_HOST)";
				FRAMEWORK_SEARCH_PATHS = (
					"$(SDKROOT)/Developer/Library/Frameworks",
					"$(inherited)",
				);
				GCC_PREPROCESSOR_DEFINITIONS = (
					"DEBUG=1",
					"$(inherited)",
				);
				INFOPLIST_FILE = "Run With MeTests/Info.plist";
				LD_RUNPATH_SEARCH_PATHS = "$(inherited) @executable_path/Frameworks @loader_path/Frameworks";
				PRODUCT_NAME = "$(TARGET_NAME)";
				TEST_HOST = "$(BUILT_PRODUCTS_DIR)/Run With Me.app/Run With Me";
			};
			name = Debug;
		};
		9F22316719E08BA400AF2385 /* Release */ = {
			isa = XCBuildConfiguration;
			buildSettings = {
				BUNDLE_LOADER = "$(TEST_HOST)";
				FRAMEWORK_SEARCH_PATHS = (
					"$(SDKROOT)/Developer/Library/Frameworks",
					"$(inherited)",
				);
				INFOPLIST_FILE = "Run With MeTests/Info.plist";
				LD_RUNPATH_SEARCH_PATHS = "$(inherited) @executable_path/Frameworks @loader_path/Frameworks";
				PRODUCT_NAME = "$(TARGET_NAME)";
				TEST_HOST = "$(BUILT_PRODUCTS_DIR)/Run With Me.app/Run With Me";
			};
			name = Release;
		};
/* End XCBuildConfiguration section */

/* Begin XCConfigurationList section */
		9F22313719E08BA400AF2385 /* Build configuration list for PBXProject "Run With Me" */ = {
			isa = XCConfigurationList;
			buildConfigurations = (
				9F22316019E08BA400AF2385 /* Debug */,
				9F22316119E08BA400AF2385 /* Release */,
			);
			defaultConfigurationIsVisible = 0;
			defaultConfigurationName = Release;
		};
		9F22316219E08BA400AF2385 /* Build configuration list for PBXNativeTarget "Run With Me" */ = {
			isa = XCConfigurationList;
			buildConfigurations = (
				9F22316319E08BA400AF2385 /* Debug */,
				9F22316419E08BA400AF2385 /* Release */,
			);
			defaultConfigurationIsVisible = 0;
			defaultConfigurationName = Release;
		};
		9F22316519E08BA400AF2385 /* Build configuration list for PBXNativeTarget "Run With MeTests" */ = {
			isa = XCConfigurationList;
			buildConfigurations = (
				9F22316619E08BA400AF2385 /* Debug */,
				9F22316719E08BA400AF2385 /* Release */,
			);
			defaultConfigurationIsVisible = 0;
			defaultConfigurationName = Release;
		};
/* End XCConfigurationList section */
	};
	rootObject = 9F22313419E08BA400AF2385 /* Project object */;
}
